{
  "name": "auth-strategy-manager",
  "version": "1.0.8",
  "lockfileVersion": 3,
  "requires": true,
  "packages": {
    "": {
      "name": "auth-strategy-manager",
      "version": "1.0.8",
      "license": "ISC",
      "dependencies": {
        "@auth-strategy-manager/core": "^1.0.6"
      }
    },
    "node_modules/@auth-strategy-manager/core": {
      "version": "1.0.6",
      "resolved": "https://registry.npmjs.org/@auth-strategy-manager/core/-/core-1.0.6.tgz",
      "integrity": "sha512-RYnERMe2gh/tbdBG5nRz4Q8e26qHTVtseVrTJp/1ez0WwxrYfgsRQf98zGEDs73Avjuv8ROJQAIKqAfuVgJFGQ=="
    }
  }
}
