{
  "name": "example",
  "version": "1.0.0",
  "lockfileVersion": 3,
  "requires": true,
  "packages": {
    "": {
      "name": "example",
      "version": "1.0.0",
      "license": "ISC",
      "dependencies": {
        "@azarov-serge/indexed-db-client": "^1.0.2"
      }
    },
    "node_modules/@azarov-serge/indexed-db-client": {
      "version": "1.0.2",
      "resolved": "https://registry.npmjs.org/@azarov-serge/indexed-db-client/-/indexed-db-client-1.0.2.tgz",
      "integrity": "sha512-YD5OJgi+9r3ogOFVM57KgOZzGduD3my7y+W3AFJsHdhnQcsIZdMMO1Xw0iD3upWMDOgs5rcYKxSxdfkfkk/kKQ=="
    }
  }
}
